
Microsoft Visual Studio Solution File, Format Version 12.00
# Visual Studio 14
VisualStudioVersion = 14.0.22310.1
MinimumVisualStudioVersion = 10.0.40219.1
Project("{FAE04EC0-301F-11D3-BF4B-00C04F79EFBC}") = "DotNetJalps.Analyzers", "DotNetJalps.Analyzers\DotNetJalps.Analyzers\DotNetJalps.Analyzers.csproj", "{9AA5826B-49D4-4697-BFCD-F3275F92FF65}"
EndProject
Project("{2150E333-8FDC-42A3-9474-1A3956D46DE8}") = ".nuget", ".nuget", "{FA94B5BB-7168-482E-979A-C5D91759ECD8}"
	ProjectSection(SolutionItems) = preProject
		.nuget\packages.config = .nuget\packages.config
	EndProjectSection
EndProject
Project("{FAE04EC0-301F-11D3-BF4B-00C04F79EFBC}") = "DotNetJalps.Analyzers.Test", "DotNetJalps.Analyzers\DotNetJalps.Analyzers.Test\DotNetJalps.Analyzers.Test.csproj", "{6D1F4C06-9F6E-43E1-A64D-127F6306BBAC}"
EndProject
Project("{FAE04EC0-301F-11D3-BF4B-00C04F79EFBC}") = "DotNetJalps.Analyzers.Vsix", "DotNetJalps.Analyzers\DotNetJalps.Analyzers.Vsix\DotNetJalps.Analyzers.Vsix.csproj", "{B94CC0FB-6EE8-4C67-AB5C-F6CE47789196}"
EndProject
Global
	GlobalSection(SolutionConfigurationPlatforms) = preSolution
		Debug|Any CPU = Debug|Any CPU
		Release|Any CPU = Release|Any CPU
	EndGlobalSection
	GlobalSection(ProjectConfigurationPlatforms) = postSolution
		{9AA5826B-49D4-4697-BFCD-F3275F92FF65}.Debug|Any CPU.ActiveCfg = Debug|Any CPU
		{9AA5826B-49D4-4697-BFCD-F3275F92FF65}.Debug|Any CPU.Build.0 = Debug|Any CPU
		{9AA5826B-49D4-4697-BFCD-F3275F92FF65}.Release|Any CPU.ActiveCfg = Release|Any CPU
		{9AA5826B-49D4-4697-BFCD-F3275F92FF65}.Release|Any CPU.Build.0 = Release|Any CPU
		{6D1F4C06-9F6E-43E1-A64D-127F6306BBAC}.Debug|Any CPU.ActiveCfg = Debug|Any CPU
		{6D1F4C06-9F6E-43E1-A64D-127F6306BBAC}.Debug|Any CPU.Build.0 = Debug|Any CPU
		{6D1F4C06-9F6E-43E1-A64D-127F6306BBAC}.Release|Any CPU.ActiveCfg = Release|Any CPU
		{6D1F4C06-9F6E-43E1-A64D-127F6306BBAC}.Release|Any CPU.Build.0 = Release|Any CPU
		{B94CC0FB-6EE8-4C67-AB5C-F6CE47789196}.Debug|Any CPU.ActiveCfg = Debug|Any CPU
		{B94CC0FB-6EE8-4C67-AB5C-F6CE47789196}.Debug|Any CPU.Build.0 = Debug|Any CPU
		{B94CC0FB-6EE8-4C67-AB5C-F6CE47789196}.Release|Any CPU.ActiveCfg = Release|Any CPU
		{B94CC0FB-6EE8-4C67-AB5C-F6CE47789196}.Release|Any CPU.Build.0 = Release|Any CPU
	EndGlobalSection
	GlobalSection(SolutionProperties) = preSolution
		HideSolutionNode = FALSE
	EndGlobalSection
EndGlobal
